
Microsoft Visual Studio Solution File, Format Version 12.00
Project("{2150E333-8FDC-42A3-9474-1A3956D46DE8}") = "src", "src", "{FD98FFED-5D51-4FE6-9D74-7B358055EAA6}"
EndProject
Project("{2150E333-8FDC-42A3-9474-1A3956D46DE8}") = "Services", "Services", "{5CC7CB7D-FB43-4F56-B17C-D9BB28B4C778}"
EndProject
Project("{2150E333-8FDC-42A3-9474-1A3956D46DE8}") = "Personnel", "Personnel", "{C1DDBE3B-6A9A-4C49-8556-803B30BF4C84}"
EndProject
Project("{2150E333-8FDC-42A3-9474-1A3956D46DE8}") = "Domain", "Domain", "{B3A3FC54-4797-4261-961A-8DAC54D3AF19}"
EndProject
Project("{FAE04EC0-301F-11D3-BF4B-00C04F79EFBC}") = "Personnel.Domain", "src\Services\Personnel\Domain\Personnel.Domain\Personnel.Domain.csproj", "{DA627785-706B-49CF-B37A-35AEB25CD243}"
EndProject
Project("{2150E333-8FDC-42A3-9474-1A3956D46DE8}") = "Test", "Test", "{08CAB9C2-0087-42BA-91D4-016C2CA53B11}"
EndProject
Project("{FAE04EC0-301F-11D3-BF4B-00C04F79EFBC}") = "Personnel.Unit", "src\Services\Personnel\Test\Personnel.Unit\Personnel.Unit.csproj", "{CA13B30F-93C8-4BBF-A0FE-E825DDDE8538}"
EndProject
Global
	GlobalSection(SolutionConfigurationPlatforms) = preSolution
		Debug|Any CPU = Debug|Any CPU
		Release|Any CPU = Release|Any CPU
	EndGlobalSection
	GlobalSection(NestedProjects) = preSolution
		{5CC7CB7D-FB43-4F56-B17C-D9BB28B4C778} = {FD98FFED-5D51-4FE6-9D74-7B358055EAA6}
		{C1DDBE3B-6A9A-4C49-8556-803B30BF4C84} = {5CC7CB7D-FB43-4F56-B17C-D9BB28B4C778}
		{B3A3FC54-4797-4261-961A-8DAC54D3AF19} = {C1DDBE3B-6A9A-4C49-8556-803B30BF4C84}
		{DA627785-706B-49CF-B37A-35AEB25CD243} = {B3A3FC54-4797-4261-961A-8DAC54D3AF19}
		{08CAB9C2-0087-42BA-91D4-016C2CA53B11} = {C1DDBE3B-6A9A-4C49-8556-803B30BF4C84}
		{CA13B30F-93C8-4BBF-A0FE-E825DDDE8538} = {08CAB9C2-0087-42BA-91D4-016C2CA53B11}
	EndGlobalSection
	GlobalSection(ProjectConfigurationPlatforms) = postSolution
		{DA627785-706B-49CF-B37A-35AEB25CD243}.Debug|Any CPU.ActiveCfg = Debug|Any CPU
		{DA627785-706B-49CF-B37A-35AEB25CD243}.Debug|Any CPU.Build.0 = Debug|Any CPU
		{DA627785-706B-49CF-B37A-35AEB25CD243}.Release|Any CPU.ActiveCfg = Release|Any CPU
		{DA627785-706B-49CF-B37A-35AEB25CD243}.Release|Any CPU.Build.0 = Release|Any CPU
		{CA13B30F-93C8-4BBF-A0FE-E825DDDE8538}.Debug|Any CPU.ActiveCfg = Debug|Any CPU
		{CA13B30F-93C8-4BBF-A0FE-E825DDDE8538}.Debug|Any CPU.Build.0 = Debug|Any CPU
		{CA13B30F-93C8-4BBF-A0FE-E825DDDE8538}.Release|Any CPU.ActiveCfg = Release|Any CPU
		{CA13B30F-93C8-4BBF-A0FE-E825DDDE8538}.Release|Any CPU.Build.0 = Release|Any CPU
	EndGlobalSection
EndGlobal
